
Microsoft Visual Studio Solution File, Format Version 12.00
# Visual Studio Version 17
VisualStudioVersion = 17.1.32328.378
MinimumVisualStudioVersion = 10.0.40219.1
Project("{FAE04EC0-301F-11D3-BF4B-00C04F79EFBC}") = "CSharp.LabExercise4", "CSharp.LabExercise4\CSharp.LabExercise4.csproj", "{4071CEFD-C65F-4981-99B2-A262B18AC1AA}"
EndProject
Global
	GlobalSection(SolutionConfigurationPlatforms) = preSolution
		Debug|Any CPU = Debug|Any CPU
		Release|Any CPU = Release|Any CPU
	EndGlobalSection
	GlobalSection(ProjectConfigurationPlatforms) = postSolution
		{4071CEFD-C65F-4981-99B2-A262B18AC1AA}.Debug|Any CPU.ActiveCfg = Debug|Any CPU
		{4071CEFD-C65F-4981-99B2-A262B18AC1AA}.Debug|Any CPU.Build.0 = Debug|Any CPU
		{4071CEFD-C65F-4981-99B2-A262B18AC1AA}.Release|Any CPU.ActiveCfg = Release|Any CPU
		{4071CEFD-C65F-4981-99B2-A262B18AC1AA}.Release|Any CPU.Build.0 = Release|Any CPU
	EndGlobalSection
	GlobalSection(SolutionProperties) = preSolution
		HideSolutionNode = FALSE
	EndGlobalSection
	GlobalSection(ExtensibilityGlobals) = postSolution
		SolutionGuid = {FF154158-DF6C-4F0D-BD0E-95DF92E0EDD8}
	EndGlobalSection
EndGlobal
